// !$*UTF8*$!
{
	archiveVersion = 1;
	classes = {
	};
	objectVersion = 46;
	objects = {

/* Begin PBXBuildFile section */
		251A4F9E1AC9C21100256A6B /* compreingressos_big_logo.png in Resources */ = {isa = PBXBuildFile; fileRef = 251A4F9D1AC9C21100256A6B /* compreingressos_big_logo.png */; };
		251FA1DC1AC3386400C20391 /* circo.png in Resources */ = {isa = PBXBuildFile; fileRef = 251FA1C81AC3386400C20391 /* circo.png */; };
		251FA1DD1AC3386400C20391 /* comedia.png in Resources */ = {isa = PBXBuildFile; fileRef = 251FA1C91AC3386400C20391 /* comedia.png */; };
		251FA1DE1AC3386400C20391 /* comedia_dramatica.png in Resources */ = {isa = PBXBuildFile; fileRef = 251FA1CA1AC3386400C20391 /* comedia_dramatica.png */; };
		251FA1DF1AC3386400C20391 /* comedia_musical.png in Resources */ = {isa = PBXBuildFile; fileRef = 251FA1CB1AC3386400C20391 /* comedia_musical.png */; };
		251FA1E01AC3386400C20391 /* comedia_perversa.png in Resources */ = {isa = PBXBuildFile; fileRef = 251FA1CC1AC3386400C20391 /* comedia_perversa.png */; };
		251FA1E11AC3386400C20391 /* comedia_romantica.png in Resources */ = {isa = PBXBuildFile; fileRef = 251FA1CD1AC3386400C20391 /* comedia_romantica.png */; };
		251FA1E21AC3386400C20391 /* concerto_sinfonico.png in Resources */ = {isa = PBXBuildFile; fileRef = 251FA1CE1AC3386400C20391 /* concerto_sinfonico.png */; };
		251FA1E31AC3386400C20391 /* danca.png in Resources */ = {isa = PBXBuildFile; fileRef = 251FA1CF1AC3386400C20391 /* danca.png */; };
		251FA1E41AC3386400C20391 /* drama.png in Resources */ = {isa = PBXBuildFile; fileRef = 251FA1D01AC3386400C20391 /* drama.png */; };
		251FA1E51AC3386400C20391 /* infantil.png in Resources */ = {isa = PBXBuildFile; fileRef = 251FA1D11AC3386400C20391 /* infantil.png */; };
		251FA1E61AC3386400C20391 /* musica.png in Resources */ = {isa = PBXBuildFile; fileRef = 251FA1D21AC3386400C20391 /* musica.png */; };
		251FA1E71AC3386400C20391 /* musical.png in Resources */ = {isa = PBXBuildFile; fileRef = 251FA1D31AC3386400C20391 /* musical.png */; };
		251FA1E81AC3386400C20391 /* musical_infantil.png in Resources */ = {isa = PBXBuildFile; fileRef = 251FA1D41AC3386400C20391 /* musical_infantil.png */; };
		251FA1E91AC3386400C20391 /* opera.png in Resources */ = {isa = PBXBuildFile; fileRef = 251FA1D51AC3386400C20391 /* opera.png */; };
		251FA1EA1AC3386400C20391 /* perto_de_mim.png in Resources */ = {isa = PBXBuildFile; fileRef = 251FA1D61AC3386400C20391 /* perto_de_mim.png */; };
		251FA1EC1AC3386400C20391 /* shows.png in Resources */ = {isa = PBXBuildFile; fileRef = 251FA1D81AC3386400C20391 /* shows.png */; };
		251FA1ED1AC3386400C20391 /* stand_up.png in Resources */ = {isa = PBXBuildFile; fileRef = 251FA1D91AC3386400C20391 /* stand_up.png */; };
		251FA1EE1AC3386400C20391 /* suspense.png in Resources */ = {isa = PBXBuildFile; fileRef = 251FA1DA1AC3386400C20391 /* suspense.png */; };
		251FA1EF1AC3386400C20391 /* teatro.png in Resources */ = {isa = PBXBuildFile; fileRef = 251FA1DB1AC3386400C20391 /* teatro.png */; };
		251FA1F11AC339B600C20391 /* romance.png in Resources */ = {isa = PBXBuildFile; fileRef = 251FA1F01AC339B600C20391 /* romance.png */; };
		251FA1F31AC33E2600C20391 /* ingressos.png in Resources */ = {isa = PBXBuildFile; fileRef = 251FA1F21AC33E2600C20391 /* ingressos.png */; };
		251FA1F61AC3476400C20391 /* background-azul.png in Resources */ = {isa = PBXBuildFile; fileRef = 251FA1F41AC3476400C20391 /* background-azul.png */; };
		251FA1F71AC3476400C20391 /* background-cinza.png in Resources */ = {isa = PBXBuildFile; fileRef = 251FA1F51AC3476400C20391 /* background-cinza.png */; };
		251FA1FD1AC3484C00C20391 /* ingressos@2x.png in Resources */ = {isa = PBXBuildFile; fileRef = 251FA1FC1AC3484C00C20391 /* ingressos@2x.png */; };
		252FD81C1AB73C820007C29B /* main.m in Sources */ = {isa = PBXBuildFile; fileRef = 252FD81B1AB73C820007C29B /* main.m */; };
		252FD81F1AB73C820007C29B /* AppDelegate.m in Sources */ = {isa = PBXBuildFile; fileRef = 252FD81E1AB73C820007C29B /* AppDelegate.m */; };
		252FD8221AB73C820007C29B /* ViewController.m in Sources */ = {isa = PBXBuildFile; fileRef = 252FD8211AB73C820007C29B /* ViewController.m */; };
		252FD8251AB73C820007C29B /* Main.storyboard in Resources */ = {isa = PBXBuildFile; fileRef = 252FD8231AB73C820007C29B /* Main.storyboard */; };
		252FD8271AB73C820007C29B /* Images.xcassets in Resources */ = {isa = PBXBuildFile; fileRef = 252FD8261AB73C820007C29B /* Images.xcassets */; };
		252FD82A1AB73C820007C29B /* LaunchScreen.xib in Resources */ = {isa = PBXBuildFile; fileRef = 252FD8281AB73C820007C29B /* LaunchScreen.xib */; };
		252FD8361AB73C820007C29B /* compreingressos_iosTests.m in Sources */ = {isa = PBXBuildFile; fileRef = 252FD8351AB73C820007C29B /* compreingressos_iosTests.m */; };
		252FD8441AB7419E0007C29B /* QMHomeViewController.m in Sources */ = {isa = PBXBuildFile; fileRef = 252FD8431AB7419E0007C29B /* QMHomeViewController.m */; };
		252FD8451AB7419E0007C29B /* QMHomeViewController.m in Sources */ = {isa = PBXBuildFile; fileRef = 252FD8431AB7419E0007C29B /* QMHomeViewController.m */; };
		252FD8481AB748C90007C29B /* QMGenreCell.m in Sources */ = {isa = PBXBuildFile; fileRef = 252FD8471AB748C90007C29B /* QMGenreCell.m */; };
		252FD8491AB748C90007C29B /* QMGenreCell.m in Sources */ = {isa = PBXBuildFile; fileRef = 252FD8471AB748C90007C29B /* QMGenreCell.m */; };
		2534775B1ADBED9B00307DE8 /* order_history_icon.png in Resources */ = {isa = PBXBuildFile; fileRef = 253477581ADBED9B00307DE8 /* order_history_icon.png */; };
		2534775C1ADBED9B00307DE8 /* order_history_icon@2x.png in Resources */ = {isa = PBXBuildFile; fileRef = 253477591ADBED9B00307DE8 /* order_history_icon@2x.png */; };
		2534775D1ADBED9B00307DE8 /* order_history_icon@3x.png in Resources */ = {isa = PBXBuildFile; fileRef = 2534775A1ADBED9B00307DE8 /* order_history_icon@3x.png */; };
		253477631ADBF05800307DE8 /* QMOrderHistoryViewController.m in Sources */ = {isa = PBXBuildFile; fileRef = 253477621ADBF05800307DE8 /* QMOrderHistoryViewController.m */; };
		255963E81AC1C8A100319BEB /* CoreLocation.framework in Frameworks */ = {isa = PBXBuildFile; fileRef = 255963E71AC1C8A100319BEB /* CoreLocation.framework */; };
		255C6BB61AB84BFD0097DC5F /* QMWebViewController.m in Sources */ = {isa = PBXBuildFile; fileRef = 255C6BB51AB84BFD0097DC5F /* QMWebViewController.m */; };
		255C6BB71AB84BFD0097DC5F /* QMWebViewController.m in Sources */ = {isa = PBXBuildFile; fileRef = 255C6BB51AB84BFD0097DC5F /* QMWebViewController.m */; };
		256509C01AD5B6DD00D6DCA2 /* QMOrder.m in Sources */ = {isa = PBXBuildFile; fileRef = 256509BF1AD5B6DD00D6DCA2 /* QMOrder.m */; };
		256509C31AD5B86100D6DCA2 /* QMTicket.m in Sources */ = {isa = PBXBuildFile; fileRef = 256509C21AD5B86100D6DCA2 /* QMTicket.m */; };
		2588EA1E1ADC015700BC09D4 /* QMOrderHistoryCell.m in Sources */ = {isa = PBXBuildFile; fileRef = 2588EA1D1ADC015700BC09D4 /* QMOrderHistoryCell.m */; };
		2588EA221ADC0EED00BC09D4 /* ingresso_icon.png in Resources */ = {isa = PBXBuildFile; fileRef = 2588EA1F1ADC0EED00BC09D4 /* ingresso_icon.png */; };
		2588EA231ADC0EED00BC09D4 /* ingresso_icon@2x.png in Resources */ = {isa = PBXBuildFile; fileRef = 2588EA201ADC0EED00BC09D4 /* ingresso_icon@2x.png */; };
		2588EA241ADC0EED00BC09D4 /* ingresso_icon@3x.png in Resources */ = {isa = PBXBuildFile; fileRef = 2588EA211ADC0EED00BC09D4 /* ingresso_icon@3x.png */; };
		258B93CD1AC053120007C584 /* QMEspetaculo.m in Sources */ = {isa = PBXBuildFile; fileRef = 258B93CA1AC053120007C584 /* QMEspetaculo.m */; };
		258B93D11AC0537D0007C584 /* QMVisor.m in Sources */ = {isa = PBXBuildFile; fileRef = 258B93D01AC0537D0007C584 /* QMVisor.m */; };
		258B93D41AC053E60007C584 /* QMBanner.m in Sources */ = {isa = PBXBuildFile; fileRef = 258B93D31AC053E60007C584 /* QMBanner.m */; };
		258B93DC1AC054730007C584 /* QMEspetaculosRequester.m in Sources */ = {isa = PBXBuildFile; fileRef = 258B93D71AC054730007C584 /* QMEspetaculosRequester.m */; };
		258B93DD1AC054730007C584 /* QMRequester.m in Sources */ = {isa = PBXBuildFile; fileRef = 258B93D91AC054730007C584 /* QMRequester.m */; };
		258B93DE1AC054730007C584 /* QMVisoresRequester.m in Sources */ = {isa = PBXBuildFile; fileRef = 258B93DB1AC054730007C584 /* QMVisoresRequester.m */; };
		25BB6A5A1AC0706F00A927A1 /* QMEspetaculoCell.m in Sources */ = {isa = PBXBuildFile; fileRef = 25BB6A591AC0706F00A927A1 /* QMEspetaculoCell.m */; };
		25BB6A611AC073E800A927A1 /* QMEspetaculosGridHeaderView.m in Sources */ = {isa = PBXBuildFile; fileRef = 25BB6A601AC073E800A927A1 /* QMEspetaculosGridHeaderView.m */; };
		25BB6A621AC073E800A927A1 /* QMEspetaculosGridHeaderView.m in Sources */ = {isa = PBXBuildFile; fileRef = 25BB6A601AC073E800A927A1 /* QMEspetaculosGridHeaderView.m */; };
		25BB6A661AC0740500A927A1 /* QMCarouselView.m in Sources */ = {isa = PBXBuildFile; fileRef = 25BB6A641AC0740500A927A1 /* QMCarouselView.m */; };
		25BB6A671AC0740500A927A1 /* QMCarouselView.m in Sources */ = {isa = PBXBuildFile; fileRef = 25BB6A641AC0740500A927A1 /* QMCarouselView.m */; };
		25BB6A681AC0740500A927A1 /* QMCarouselView.xib in Resources */ = {isa = PBXBuildFile; fileRef = 25BB6A651AC0740500A927A1 /* QMCarouselView.xib */; };
		25BB6A691AC0740500A927A1 /* QMCarouselView.xib in Resources */ = {isa = PBXBuildFile; fileRef = 25BB6A651AC0740500A927A1 /* QMCarouselView.xib */; };
		25BB6A6D1AC0741900A927A1 /* QMBannerView.m in Sources */ = {isa = PBXBuildFile; fileRef = 25BB6A6B1AC0741900A927A1 /* QMBannerView.m */; };
		25BB6A6E1AC0741900A927A1 /* QMBannerView.m in Sources */ = {isa = PBXBuildFile; fileRef = 25BB6A6B1AC0741900A927A1 /* QMBannerView.m */; };
		25BB6A6F1AC0741900A927A1 /* QMBannerView.xib in Resources */ = {isa = PBXBuildFile; fileRef = 25BB6A6C1AC0741900A927A1 /* QMBannerView.xib */; };
		25BB6A701AC0741900A927A1 /* QMBannerView.xib in Resources */ = {isa = PBXBuildFile; fileRef = 25BB6A6C1AC0741900A927A1 /* QMBannerView.xib */; };
		25BB6A731AC0746B00A927A1 /* QMConstants.m in Sources */ = {isa = PBXBuildFile; fileRef = 25BB6A721AC0746B00A927A1 /* QMConstants.m */; };
		25BB6A741AC0746B00A927A1 /* QMConstants.m in Sources */ = {isa = PBXBuildFile; fileRef = 25BB6A721AC0746B00A927A1 /* QMConstants.m */; };
		25BB6A7A1AC08F6400A927A1 /* QMGenre.m in Sources */ = {isa = PBXBuildFile; fileRef = 25BB6A791AC08F6400A927A1 /* QMGenre.m */; };
		25BB6A7D1AC0A2D400A927A1 /* QMEspetaculosViewController.m in Sources */ = {isa = PBXBuildFile; fileRef = 25BB6A7C1AC0A2D400A927A1 /* QMEspetaculosViewController.m */; };
		25C179FB1AD2EC4000DD541F /* classica.png in Resources */ = {isa = PBXBuildFile; fileRef = 25C179EC1AD2EC4000DD541F /* classica.png */; };
		25C179FC1AD2EC4000DD541F /* classica@2x.png in Resources */ = {isa = PBXBuildFile; fileRef = 25C179ED1AD2EC4000DD541F /* classica@2x.png */; };
		25C179FD1AD2EC4000DD541F /* classica@3x.png in Resources */ = {isa = PBXBuildFile; fileRef = 25C179EE1AD2EC4000DD541F /* classica@3x.png */; };
		25C179FE1AD2EC4000DD541F /* muito_mais.png in Resources */ = {isa = PBXBuildFile; fileRef = 25C179EF1AD2EC4000DD541F /* muito_mais.png */; };
		25C179FF1AD2EC4000DD541F /* muito_mais@2x.png in Resources */ = {isa = PBXBuildFile; fileRef = 25C179F01AD2EC4000DD541F /* muito_mais@2x.png */; };
		25C17A001AD2EC4000DD541F /* muito_mais@3x.png in Resources */ = {isa = PBXBuildFile; fileRef = 25C179F11AD2EC4000DD541F /* muito_mais@3x.png */; };
		25C17A011AD2EC4000DD541F /* perto_de_mim.png in Resources */ = {isa = PBXBuildFile; fileRef = 25C179F21AD2EC4000DD541F /* perto_de_mim.png */; };
		25C17A021AD2EC4000DD541F /* perto_de_mim@2x.png in Resources */ = {isa = PBXBuildFile; fileRef = 25C179F31AD2EC4000DD541F /* perto_de_mim@2x.png */; };
		25C17A031AD2EC4000DD541F /* perto_de_mim@3x.png in Resources */ = {isa = PBXBuildFile; fileRef = 25C179F41AD2EC4000DD541F /* perto_de_mim@3x.png */; };
		25C17A041AD2EC4000DD541F /* shows.png in Resources */ = {isa = PBXBuildFile; fileRef = 25C179F51AD2EC4000DD541F /* shows.png */; };
		25C17A051AD2EC4000DD541F /* shows@2x.png in Resources */ = {isa = PBXBuildFile; fileRef = 25C179F61AD2EC4000DD541F /* shows@2x.png */; };
		25C17A061AD2EC4000DD541F /* shows@3x.png in Resources */ = {isa = PBXBuildFile; fileRef = 25C179F71AD2EC4000DD541F /* shows@3x.png */; };
		25C17A071AD2EC4000DD541F /* teatro.png in Resources */ = {isa = PBXBuildFile; fileRef = 25C179F81AD2EC4000DD541F /* teatro.png */; };
		25C17A081AD2EC4000DD541F /* teatro@2x.png in Resources */ = {isa = PBXBuildFile; fileRef = 25C179F91AD2EC4000DD541F /* teatro@2x.png */; };
		25C17A091AD2EC4000DD541F /* teatro@3x.png in Resources */ = {isa = PBXBuildFile; fileRef = 25C179FA1AD2EC4000DD541F /* teatro@3x.png */; };
		25C17A0C1AD3026F00DD541F /* QMGenreView.m in Sources */ = {isa = PBXBuildFile; fileRef = 25C17A0B1AD3026F00DD541F /* QMGenreView.m */; };
		25C17A0E1AD3028200DD541F /* QMGenreView.xib in Resources */ = {isa = PBXBuildFile; fileRef = 25C17A0D1AD3028200DD541F /* QMGenreView.xib */; };
		25EF7DD71AC37C7C0052986D /* background-red.png in Resources */ = {isa = PBXBuildFile; fileRef = 25EF7DD61AC37C7C0052986D /* background-red.png */; };
		7D0ACBD35497B0A56B7E3A48 /* libPods-compreingressos-iosTests.a in Frameworks */ = {isa = PBXBuildFile; fileRef = ACD5388C91C8A883829E8F26 /* libPods-compreingressos-iosTests.a */; };
		A208778DBCAD061C6DB7FD4B /* libPods-compreingressos-ios.a in Frameworks */ = {isa = PBXBuildFile; fileRef = 0DA0E3411C6023DEE7F506BA /* libPods-compreingressos-ios.a */; };
/* End PBXBuildFile section */

/* Begin PBXContainerItemProxy section */
		252FD8301AB73C820007C29B /* PBXContainerItemProxy */ = {
			isa = PBXContainerItemProxy;
			containerPortal = 252FD80E1AB73C810007C29B /* Project object */;
			proxyType = 1;
			remoteGlobalIDString = 252FD8151AB73C820007C29B;
			remoteInfo = "compreingressos-ios";
		};
/* End PBXContainerItemProxy section */

/* Begin PBXFileReference section */
		0DA0E3411C6023DEE7F506BA /* libPods-compreingressos-ios.a */ = {isa = PBXFileReference; explicitFileType = archive.ar; includeInIndex = 0; path = "libPods-compreingressos-ios.a"; sourceTree = BUILT_PRODUCTS_DIR; };
		0FA94D18BE45DD585C66725A /* Pods-compreingressos-iosTests.release.xcconfig */ = {isa = PBXFileReference; includeInIndex = 1; lastKnownFileType = text.xcconfig; name = "Pods-compreingressos-iosTests.release.xcconfig"; path = "Pods/Target Support Files/Pods-compreingressos-iosTests/Pods-compreingressos-iosTests.release.xcconfig"; sourceTree = "<group>"; };
		251A4F9D1AC9C21100256A6B /* compreingressos_big_logo.png */ = {isa = PBXFileReference; lastKnownFileType = image.png; path = compreingressos_big_logo.png; sourceTree = "<group>"; };
		251FA1C81AC3386400C20391 /* circo.png */ = {isa = PBXFileReference; lastKnownFileType = image.png; path = circo.png; sourceTree = "<group>"; };
		251FA1C91AC3386400C20391 /* comedia.png */ = {isa = PBXFileReference; lastKnownFileType = image.png; path = comedia.png; sourceTree = "<group>"; };
		251FA1CA1AC3386400C20391 /* comedia_dramatica.png */ = {isa = PBXFileReference; lastKnownFileType = image.png; path = comedia_dramatica.png; sourceTree = "<group>"; };
		251FA1CB1AC3386400C20391 /* comedia_musical.png */ = {isa = PBXFileReference; lastKnownFileType = image.png; path = comedia_musical.png; sourceTree = "<group>"; };
		251FA1CC1AC3386400C20391 /* comedia_perversa.png */ = {isa = PBXFileReference; lastKnownFileType = image.png; path = comedia_perversa.png; sourceTree = "<group>"; };
		251FA1CD1AC3386400C20391 /* comedia_romantica.png */ = {isa = PBXFileReference; lastKnownFileType = image.png; path = comedia_romantica.png; sourceTree = "<group>"; };
		251FA1CE1AC3386400C20391 /* concerto_sinfonico.png */ = {isa = PBXFileReference; lastKnownFileType = image.png; path = concerto_sinfonico.png; sourceTree = "<group>"; };
		251FA1CF1AC3386400C20391 /* danca.png */ = {isa = PBXFileReference; lastKnownFileType = image.png; path = danca.png; sourceTree = "<group>"; };
		251FA1D01AC3386400C20391 /* drama.png */ = {isa = PBXFileReference; lastKnownFileType = image.png; path = drama.png; sourceTree = "<group>"; };
		251FA1D11AC3386400C20391 /* infantil.png */ = {isa = PBXFileReference; lastKnownFileType = image.png; path = infantil.png; sourceTree = "<group>"; };
		251FA1D21AC3386400C20391 /* musica.png */ = {isa = PBXFileReference; lastKnownFileType = image.png; path = musica.png; sourceTree = "<group>"; };
		251FA1D31AC3386400C20391 /* musical.png */ = {isa = PBXFileReference; lastKnownFileType = image.png; path = musical.png; sourceTree = "<group>"; };
		251FA1D41AC3386400C20391 /* musical_infantil.png */ = {isa = PBXFileReference; lastKnownFileType = image.png; path = musical_infantil.png; sourceTree = "<group>"; };
		251FA1D51AC3386400C20391 /* opera.png */ = {isa = PBXFileReference; lastKnownFileType = image.png; path = opera.png; sourceTree = "<group>"; };
		251FA1D61AC3386400C20391 /* perto_de_mim.png */ = {isa = PBXFileReference; lastKnownFileType = image.png; path = perto_de_mim.png; sourceTree = "<group>"; };
		251FA1D81AC3386400C20391 /* shows.png */ = {isa = PBXFileReference; lastKnownFileType = image.png; path = shows.png; sourceTree = "<group>"; };
		251FA1D91AC3386400C20391 /* stand_up.png */ = {isa = PBXFileReference; lastKnownFileType = image.png; path = stand_up.png; sourceTree = "<group>"; };
		251FA1DA1AC3386400C20391 /* suspense.png */ = {isa = PBXFileReference; lastKnownFileType = image.png; path = suspense.png; sourceTree = "<group>"; };
		251FA1DB1AC3386400C20391 /* teatro.png */ = {isa = PBXFileReference; lastKnownFileType = image.png; path = teatro.png; sourceTree = "<group>"; };
		251FA1F01AC339B600C20391 /* romance.png */ = {isa = PBXFileReference; lastKnownFileType = image.png; path = romance.png; sourceTree = "<group>"; };
		251FA1F21AC33E2600C20391 /* ingressos.png */ = {isa = PBXFileReference; lastKnownFileType = image.png; path = ingressos.png; sourceTree = "<group>"; };
		251FA1F41AC3476400C20391 /* background-azul.png */ = {isa = PBXFileReference; lastKnownFileType = image.png; path = "background-azul.png"; sourceTree = "<group>"; };
		251FA1F51AC3476400C20391 /* background-cinza.png */ = {isa = PBXFileReference; lastKnownFileType = image.png; path = "background-cinza.png"; sourceTree = "<group>"; };
		251FA1FC1AC3484C00C20391 /* ingressos@2x.png */ = {isa = PBXFileReference; lastKnownFileType = image.png; path = "ingressos@2x.png"; sourceTree = "<group>"; };
		252FD8161AB73C820007C29B /* compreingressos-ios.app */ = {isa = PBXFileReference; explicitFileType = wrapper.application; includeInIndex = 0; path = "compreingressos-ios.app"; sourceTree = BUILT_PRODUCTS_DIR; };
		252FD81A1AB73C820007C29B /* Info.plist */ = {isa = PBXFileReference; lastKnownFileType = text.plist.xml; path = Info.plist; sourceTree = "<group>"; };
		252FD81B1AB73C820007C29B /* main.m */ = {isa = PBXFileReference; lastKnownFileType = sourcecode.c.objc; path = main.m; sourceTree = "<group>"; };
		252FD81D1AB73C820007C29B /* AppDelegate.h */ = {isa = PBXFileReference; lastKnownFileType = sourcecode.c.h; path = AppDelegate.h; sourceTree = "<group>"; };
		252FD81E1AB73C820007C29B /* AppDelegate.m */ = {isa = PBXFileReference; lastKnownFileType = sourcecode.c.objc; path = AppDelegate.m; sourceTree = "<group>"; };
		252FD8201AB73C820007C29B /* ViewController.h */ = {isa = PBXFileReference; lastKnownFileType = sourcecode.c.h; path = ViewController.h; sourceTree = "<group>"; };
		252FD8211AB73C820007C29B /* ViewController.m */ = {isa = PBXFileReference; lastKnownFileType = sourcecode.c.objc; path = ViewController.m; sourceTree = "<group>"; };
		252FD8241AB73C820007C29B /* Base */ = {isa = PBXFileReference; lastKnownFileType = file.storyboard; name = Base; path = Base.lproj/Main.storyboard; sourceTree = "<group>"; };
		252FD8261AB73C820007C29B /* Images.xcassets */ = {isa = PBXFileReference; lastKnownFileType = folder.assetcatalog; path = Images.xcassets; sourceTree = "<group>"; };
		252FD8291AB73C820007C29B /* Base */ = {isa = PBXFileReference; lastKnownFileType = file.xib; name = Base; path = Base.lproj/LaunchScreen.xib; sourceTree = "<group>"; };
		252FD82F1AB73C820007C29B /* compreingressos-iosTests.xctest */ = {isa = PBXFileReference; explicitFileType = wrapper.cfbundle; includeInIndex = 0; path = "compreingressos-iosTests.xctest"; sourceTree = BUILT_PRODUCTS_DIR; };
		252FD8341AB73C820007C29B /* Info.plist */ = {isa = PBXFileReference; lastKnownFileType = text.plist.xml; path = Info.plist; sourceTree = "<group>"; };
		252FD8351AB73C820007C29B /* compreingressos_iosTests.m */ = {isa = PBXFileReference; lastKnownFileType = sourcecode.c.objc; path = compreingressos_iosTests.m; sourceTree = "<group>"; };
		252FD8421AB7419E0007C29B /* QMHomeViewController.h */ = {isa = PBXFileReference; fileEncoding = 4; lastKnownFileType = sourcecode.c.h; path = QMHomeViewController.h; sourceTree = "<group>"; };
		252FD8431AB7419E0007C29B /* QMHomeViewController.m */ = {isa = PBXFileReference; fileEncoding = 4; lastKnownFileType = sourcecode.c.objc; path = QMHomeViewController.m; sourceTree = "<group>"; };
		252FD8461AB748C90007C29B /* QMGenreCell.h */ = {isa = PBXFileReference; fileEncoding = 4; lastKnownFileType = sourcecode.c.h; path = QMGenreCell.h; sourceTree = "<group>"; };
		252FD8471AB748C90007C29B /* QMGenreCell.m */ = {isa = PBXFileReference; fileEncoding = 4; lastKnownFileType = sourcecode.c.objc; path = QMGenreCell.m; sourceTree = "<group>"; };
		253477581ADBED9B00307DE8 /* order_history_icon.png */ = {isa = PBXFileReference; lastKnownFileType = image.png; path = order_history_icon.png; sourceTree = "<group>"; };
		253477591ADBED9B00307DE8 /* order_history_icon@2x.png */ = {isa = PBXFileReference; lastKnownFileType = image.png; path = "order_history_icon@2x.png"; sourceTree = "<group>"; };
		2534775A1ADBED9B00307DE8 /* order_history_icon@3x.png */ = {isa = PBXFileReference; lastKnownFileType = image.png; path = "order_history_icon@3x.png"; sourceTree = "<group>"; };
		253477611ADBF05800307DE8 /* QMOrderHistoryViewController.h */ = {isa = PBXFileReference; fileEncoding = 4; lastKnownFileType = sourcecode.c.h; path = QMOrderHistoryViewController.h; sourceTree = "<group>"; };
		253477621ADBF05800307DE8 /* QMOrderHistoryViewController.m */ = {isa = PBXFileReference; fileEncoding = 4; lastKnownFileType = sourcecode.c.objc; path = QMOrderHistoryViewController.m; sourceTree = "<group>"; };
		255963E71AC1C8A100319BEB /* CoreLocation.framework */ = {isa = PBXFileReference; lastKnownFileType = wrapper.framework; name = CoreLocation.framework; path = System/Library/Frameworks/CoreLocation.framework; sourceTree = SDKROOT; };
		255C6BB41AB84BFD0097DC5F /* QMWebViewController.h */ = {isa = PBXFileReference; fileEncoding = 4; lastKnownFileType = sourcecode.c.h; path = QMWebViewController.h; sourceTree = "<group>"; };
		255C6BB51AB84BFD0097DC5F /* QMWebViewController.m */ = {isa = PBXFileReference; fileEncoding = 4; lastKnownFileType = sourcecode.c.objc; path = QMWebViewController.m; sourceTree = "<group>"; };
		256509BE1AD5B6DD00D6DCA2 /* QMOrder.h */ = {isa = PBXFileReference; fileEncoding = 4; lastKnownFileType = sourcecode.c.h; path = QMOrder.h; sourceTree = "<group>"; };
		256509BF1AD5B6DD00D6DCA2 /* QMOrder.m */ = {isa = PBXFileReference; fileEncoding = 4; lastKnownFileType = sourcecode.c.objc; path = QMOrder.m; sourceTree = "<group>"; };
		256509C11AD5B86100D6DCA2 /* QMTicket.h */ = {isa = PBXFileReference; fileEncoding = 4; lastKnownFileType = sourcecode.c.h; path = QMTicket.h; sourceTree = "<group>"; };
		256509C21AD5B86100D6DCA2 /* QMTicket.m */ = {isa = PBXFileReference; fileEncoding = 4; lastKnownFileType = sourcecode.c.objc; path = QMTicket.m; sourceTree = "<group>"; };
		2588EA1C1ADC015700BC09D4 /* QMOrderHistoryCell.h */ = {isa = PBXFileReference; fileEncoding = 4; lastKnownFileType = sourcecode.c.h; path = QMOrderHistoryCell.h; sourceTree = "<group>"; };
		2588EA1D1ADC015700BC09D4 /* QMOrderHistoryCell.m */ = {isa = PBXFileReference; fileEncoding = 4; lastKnownFileType = sourcecode.c.objc; path = QMOrderHistoryCell.m; sourceTree = "<group>"; };
		2588EA1F1ADC0EED00BC09D4 /* ingresso_icon.png */ = {isa = PBXFileReference; lastKnownFileType = image.png; path = ingresso_icon.png; sourceTree = "<group>"; };
		2588EA201ADC0EED00BC09D4 /* ingresso_icon@2x.png */ = {isa = PBXFileReference; lastKnownFileType = image.png; path = "ingresso_icon@2x.png"; sourceTree = "<group>"; };
		2588EA211ADC0EED00BC09D4 /* ingresso_icon@3x.png */ = {isa = PBXFileReference; lastKnownFileType = image.png; path = "ingresso_icon@3x.png"; sourceTree = "<group>"; };
		258B93C91AC053120007C584 /* QMEspetaculo.h */ = {isa = PBXFileReference; fileEncoding = 4; lastKnownFileType = sourcecode.c.h; path = QMEspetaculo.h; sourceTree = "<group>"; };
		258B93CA1AC053120007C584 /* QMEspetaculo.m */ = {isa = PBXFileReference; fileEncoding = 4; lastKnownFileType = sourcecode.c.objc; path = QMEspetaculo.m; sourceTree = "<group>"; };
		258B93CF1AC0537D0007C584 /* QMVisor.h */ = {isa = PBXFileReference; fileEncoding = 4; lastKnownFileType = sourcecode.c.h; path = QMVisor.h; sourceTree = "<group>"; };
		258B93D01AC0537D0007C584 /* QMVisor.m */ = {isa = PBXFileReference; fileEncoding = 4; lastKnownFileType = sourcecode.c.objc; path = QMVisor.m; sourceTree = "<group>"; };
		258B93D21AC053E60007C584 /* QMBanner.h */ = {isa = PBXFileReference; fileEncoding = 4; lastKnownFileType = sourcecode.c.h; path = QMBanner.h; sourceTree = "<group>"; };
		258B93D31AC053E60007C584 /* QMBanner.m */ = {isa = PBXFileReference; fileEncoding = 4; lastKnownFileType = sourcecode.c.objc; path = QMBanner.m; sourceTree = "<group>"; };
		258B93D61AC054730007C584 /* QMEspetaculosRequester.h */ = {isa = PBXFileReference; fileEncoding = 4; lastKnownFileType = sourcecode.c.h; path = QMEspetaculosRequester.h; sourceTree = "<group>"; };
		258B93D71AC054730007C584 /* QMEspetaculosRequester.m */ = {isa = PBXFileReference; fileEncoding = 4; lastKnownFileType = sourcecode.c.objc; path = QMEspetaculosRequester.m; sourceTree = "<group>"; };
		258B93D81AC054730007C584 /* QMRequester.h */ = {isa = PBXFileReference; fileEncoding = 4; lastKnownFileType = sourcecode.c.h; path = QMRequester.h; sourceTree = "<group>"; };
		258B93D91AC054730007C584 /* QMRequester.m */ = {isa = PBXFileReference; fileEncoding = 4; lastKnownFileType = sourcecode.c.objc; path = QMRequester.m; sourceTree = "<group>"; };
		258B93DA1AC054730007C584 /* QMVisoresRequester.h */ = {isa = PBXFileReference; fileEncoding = 4; lastKnownFileType = sourcecode.c.h; path = QMVisoresRequester.h; sourceTree = "<group>"; };
		258B93DB1AC054730007C584 /* QMVisoresRequester.m */ = {isa = PBXFileReference; fileEncoding = 4; lastKnownFileType = sourcecode.c.objc; path = QMVisoresRequester.m; sourceTree = "<group>"; };
		25BB6A581AC0706F00A927A1 /* QMEspetaculoCell.h */ = {isa = PBXFileReference; fileEncoding = 4; lastKnownFileType = sourcecode.c.h; path = QMEspetaculoCell.h; sourceTree = "<group>"; };
		25BB6A591AC0706F00A927A1 /* QMEspetaculoCell.m */ = {isa = PBXFileReference; fileEncoding = 4; lastKnownFileType = sourcecode.c.objc; path = QMEspetaculoCell.m; sourceTree = "<group>"; };
		25BB6A5E1AC0725100A927A1 /* compreingressos-ios-Prefix.pch */ = {isa = PBXFileReference; fileEncoding = 4; lastKnownFileType = sourcecode.c.h; path = "compreingressos-ios-Prefix.pch"; sourceTree = "<group>"; };
		25BB6A5F1AC073E800A927A1 /* QMEspetaculosGridHeaderView.h */ = {isa = PBXFileReference; fileEncoding = 4; lastKnownFileType = sourcecode.c.h; path = QMEspetaculosGridHeaderView.h; sourceTree = "<group>"; };
		25BB6A601AC073E800A927A1 /* QMEspetaculosGridHeaderView.m */ = {isa = PBXFileReference; fileEncoding = 4; lastKnownFileType = sourcecode.c.objc; path = QMEspetaculosGridHeaderView.m; sourceTree = "<group>"; };
		25BB6A631AC0740500A927A1 /* QMCarouselView.h */ = {isa = PBXFileReference; fileEncoding = 4; lastKnownFileType = sourcecode.c.h; path = QMCarouselView.h; sourceTree = "<group>"; };
		25BB6A641AC0740500A927A1 /* QMCarouselView.m */ = {isa = PBXFileReference; fileEncoding = 4; lastKnownFileType = sourcecode.c.objc; path = QMCarouselView.m; sourceTree = "<group>"; };
		25BB6A651AC0740500A927A1 /* QMCarouselView.xib */ = {isa = PBXFileReference; fileEncoding = 4; lastKnownFileType = file.xib; path = QMCarouselView.xib; sourceTree = "<group>"; };
		25BB6A6A1AC0741900A927A1 /* QMBannerView.h */ = {isa = PBXFileReference; fileEncoding = 4; lastKnownFileType = sourcecode.c.h; path = QMBannerView.h; sourceTree = "<group>"; };
		25BB6A6B1AC0741900A927A1 /* QMBannerView.m */ = {isa = PBXFileReference; fileEncoding = 4; lastKnownFileType = sourcecode.c.objc; path = QMBannerView.m; sourceTree = "<group>"; };
		25BB6A6C1AC0741900A927A1 /* QMBannerView.xib */ = {isa = PBXFileReference; fileEncoding = 4; lastKnownFileType = file.xib; path = QMBannerView.xib; sourceTree = "<group>"; };
		25BB6A711AC0746B00A927A1 /* QMConstants.h */ = {isa = PBXFileReference; fileEncoding = 4; lastKnownFileType = sourcecode.c.h; path = QMConstants.h; sourceTree = "<group>"; };
		25BB6A721AC0746B00A927A1 /* QMConstants.m */ = {isa = PBXFileReference; fileEncoding = 4; lastKnownFileType = sourcecode.c.objc; path = QMConstants.m; sourceTree = "<group>"; };
		25BB6A781AC08F6400A927A1 /* QMGenre.h */ = {isa = PBXFileReference; fileEncoding = 4; lastKnownFileType = sourcecode.c.h; path = QMGenre.h; sourceTree = "<group>"; };
		25BB6A791AC08F6400A927A1 /* QMGenre.m */ = {isa = PBXFileReference; fileEncoding = 4; lastKnownFileType = sourcecode.c.objc; path = QMGenre.m; sourceTree = "<group>"; };
		25BB6A7B1AC0A2D400A927A1 /* QMEspetaculosViewController.h */ = {isa = PBXFileReference; fileEncoding = 4; lastKnownFileType = sourcecode.c.h; path = QMEspetaculosViewController.h; sourceTree = "<group>"; };
		25BB6A7C1AC0A2D400A927A1 /* QMEspetaculosViewController.m */ = {isa = PBXFileReference; fileEncoding = 4; lastKnownFileType = sourcecode.c.objc; path = QMEspetaculosViewController.m; sourceTree = "<group>"; };
		25C179EC1AD2EC4000DD541F /* classica.png */ = {isa = PBXFileReference; lastKnownFileType = image.png; path = classica.png; sourceTree = "<group>"; };
		25C179ED1AD2EC4000DD541F /* classica@2x.png */ = {isa = PBXFileReference; lastKnownFileType = image.png; path = "classica@2x.png"; sourceTree = "<group>"; };
		25C179EE1AD2EC4000DD541F /* classica@3x.png */ = {isa = PBXFileReference; lastKnownFileType = image.png; path = "classica@3x.png"; sourceTree = "<group>"; };
		25C179EF1AD2EC4000DD541F /* muito_mais.png */ = {isa = PBXFileReference; lastKnownFileType = image.png; path = muito_mais.png; sourceTree = "<group>"; };
		25C179F01AD2EC4000DD541F /* muito_mais@2x.png */ = {isa = PBXFileReference; lastKnownFileType = image.png; path = "muito_mais@2x.png"; sourceTree = "<group>"; };
		25C179F11AD2EC4000DD541F /* muito_mais@3x.png */ = {isa = PBXFileReference; lastKnownFileType = image.png; path = "muito_mais@3x.png"; sourceTree = "<group>"; };
		25C179F21AD2EC4000DD541F /* perto_de_mim.png */ = {isa = PBXFileReference; lastKnownFileType = image.png; path = perto_de_mim.png; sourceTree = "<group>"; };
		25C179F31AD2EC4000DD541F /* perto_de_mim@2x.png */ = {isa = PBXFileReference; lastKnownFileType = image.png; path = "perto_de_mim@2x.png"; sourceTree = "<group>"; };
		25C179F41AD2EC4000DD541F /* perto_de_mim@3x.png */ = {isa = PBXFileReference; lastKnownFileType = image.png; path = "perto_de_mim@3x.png"; sourceTree = "<group>"; };
		25C179F51AD2EC4000DD541F /* shows.png */ = {isa = PBXFileReference; lastKnownFileType = image.png; path = shows.png; sourceTree = "<group>"; };
		25C179F61AD2EC4000DD541F /* shows@2x.png */ = {isa = PBXFileReference; lastKnownFileType = image.png; path = "shows@2x.png"; sourceTree = "<group>"; };
		25C179F71AD2EC4000DD541F /* shows@3x.png */ = {isa = PBXFileReference; lastKnownFileType = image.png; path = "shows@3x.png"; sourceTree = "<group>"; };
		25C179F81AD2EC4000DD541F /* teatro.png */ = {isa = PBXFileReference; lastKnownFileType = image.png; path = teatro.png; sourceTree = "<group>"; };
		25C179F91AD2EC4000DD541F /* teatro@2x.png */ = {isa = PBXFileReference; lastKnownFileType = image.png; path = "teatro@2x.png"; sourceTree = "<group>"; };
		25C179FA1AD2EC4000DD541F /* teatro@3x.png */ = {isa = PBXFileReference; lastKnownFileType = image.png; path = "teatro@3x.png"; sourceTree = "<group>"; };
		25C17A0A1AD3026F00DD541F /* QMGenreView.h */ = {isa = PBXFileReference; fileEncoding = 4; lastKnownFileType = sourcecode.c.h; path = QMGenreView.h; sourceTree = "<group>"; };
		25C17A0B1AD3026F00DD541F /* QMGenreView.m */ = {isa = PBXFileReference; fileEncoding = 4; lastKnownFileType = sourcecode.c.objc; path = QMGenreView.m; sourceTree = "<group>"; };
		25C17A0D1AD3028200DD541F /* QMGenreView.xib */ = {isa = PBXFileReference; fileEncoding = 4; lastKnownFileType = file.xib; path = QMGenreView.xib; sourceTree = "<group>"; };
		25EF7DD61AC37C7C0052986D /* background-red.png */ = {isa = PBXFileReference; lastKnownFileType = image.png; path = "background-red.png"; sourceTree = "<group>"; };
		8CA710655EC2488AA579D776 /* Pods-compreingressos-ios.debug.xcconfig */ = {isa = PBXFileReference; includeInIndex = 1; lastKnownFileType = text.xcconfig; name = "Pods-compreingressos-ios.debug.xcconfig"; path = "Pods/Target Support Files/Pods-compreingressos-ios/Pods-compreingressos-ios.debug.xcconfig"; sourceTree = "<group>"; };
		95878FC6E5528535FC06A5AF /* Pods-compreingressos-iosTests.debug.xcconfig */ = {isa = PBXFileReference; includeInIndex = 1; lastKnownFileType = text.xcconfig; name = "Pods-compreingressos-iosTests.debug.xcconfig"; path = "Pods/Target Support Files/Pods-compreingressos-iosTests/Pods-compreingressos-iosTests.debug.xcconfig"; sourceTree = "<group>"; };
		ACD5388C91C8A883829E8F26 /* libPods-compreingressos-iosTests.a */ = {isa = PBXFileReference; explicitFileType = archive.ar; includeInIndex = 0; path = "libPods-compreingressos-iosTests.a"; sourceTree = BUILT_PRODUCTS_DIR; };
		B0C96115133657844BC17D71 /* Pods-compreingressos-ios.release.xcconfig */ = {isa = PBXFileReference; includeInIndex = 1; lastKnownFileType = text.xcconfig; name = "Pods-compreingressos-ios.release.xcconfig"; path = "Pods/Target Support Files/Pods-compreingressos-ios/Pods-compreingressos-ios.release.xcconfig"; sourceTree = "<group>"; };
/* End PBXFileReference section */

/* Begin PBXFrameworksBuildPhase section */
		252FD8131AB73C820007C29B /* Frameworks */ = {
			isa = PBXFrameworksBuildPhase;
			buildActionMask = 2147483647;
			files = (
				255963E81AC1C8A100319BEB /* CoreLocation.framework in Frameworks */,
				A208778DBCAD061C6DB7FD4B /* libPods-compreingressos-ios.a in Frameworks */,
			);
			runOnlyForDeploymentPostprocessing = 0;
		};
		252FD82C1AB73C820007C29B /* Frameworks */ = {
			isa = PBXFrameworksBuildPhase;
			buildActionMask = 2147483647;
			files = (
				7D0ACBD35497B0A56B7E3A48 /* libPods-compreingressos-iosTests.a in Frameworks */,
			);
			runOnlyForDeploymentPostprocessing = 0;
		};
/* End PBXFrameworksBuildPhase section */

/* Begin PBXGroup section */
		251FA1C61AC3386400C20391 /* res */ = {
			isa = PBXGroup;
			children = (
				253477571ADBED9B00307DE8 /* buttons */,
				25C179EB1AD2EC4000DD541F /* generos */,
				251A4F9D1AC9C21100256A6B /* compreingressos_big_logo.png */,
				25EF7DD61AC37C7C0052986D /* background-red.png */,
				251FA1F21AC33E2600C20391 /* ingressos.png */,
				251FA1FC1AC3484C00C20391 /* ingressos@2x.png */,
				251FA1F41AC3476400C20391 /* background-azul.png */,
				251FA1F51AC3476400C20391 /* background-cinza.png */,
				251FA1C71AC3386400C20391 /* icons */,
			);
			path = res;
			sourceTree = "<group>";
		};
		251FA1C71AC3386400C20391 /* icons */ = {
			isa = PBXGroup;
			children = (
				2588EA1F1ADC0EED00BC09D4 /* ingresso_icon.png */,
				2588EA201ADC0EED00BC09D4 /* ingresso_icon@2x.png */,
				2588EA211ADC0EED00BC09D4 /* ingresso_icon@3x.png */,
				251FA1C81AC3386400C20391 /* circo.png */,
				251FA1C91AC3386400C20391 /* comedia.png */,
				251FA1CA1AC3386400C20391 /* comedia_dramatica.png */,
				251FA1CB1AC3386400C20391 /* comedia_musical.png */,
				251FA1CC1AC3386400C20391 /* comedia_perversa.png */,
				251FA1CD1AC3386400C20391 /* comedia_romantica.png */,
				251FA1CE1AC3386400C20391 /* concerto_sinfonico.png */,
				251FA1CF1AC3386400C20391 /* danca.png */,
				251FA1D01AC3386400C20391 /* drama.png */,
				251FA1D11AC3386400C20391 /* infantil.png */,
				251FA1D21AC3386400C20391 /* musica.png */,
				251FA1D31AC3386400C20391 /* musical.png */,
				251FA1D41AC3386400C20391 /* musical_infantil.png */,
				251FA1D51AC3386400C20391 /* opera.png */,
				251FA1D61AC3386400C20391 /* perto_de_mim.png */,
				251FA1F01AC339B600C20391 /* romance.png */,
				251FA1D81AC3386400C20391 /* shows.png */,
				251FA1D91AC3386400C20391 /* stand_up.png */,
				251FA1DA1AC3386400C20391 /* suspense.png */,
				251FA1DB1AC3386400C20391 /* teatro.png */,
			);
			path = icons;
			sourceTree = "<group>";
		};
		252FD80D1AB73C810007C29B = {
			isa = PBXGroup;
			children = (
				252FD8181AB73C820007C29B /* compreingressos-ios */,
				252FD8321AB73C820007C29B /* compreingressos-iosTests */,
				252FD8171AB73C820007C29B /* Products */,
				D28BF9CFD11D76ADE9A08E78 /* Pods */,
				CDC8D68087B6BC8338626F97 /* Frameworks */,
			);
			sourceTree = "<group>";
		};
		252FD8171AB73C820007C29B /* Products */ = {
			isa = PBXGroup;
			children = (
				252FD8161AB73C820007C29B /* compreingressos-ios.app */,
				252FD82F1AB73C820007C29B /* compreingressos-iosTests.xctest */,
			);
			name = Products;
			sourceTree = "<group>";
		};
		252FD8181AB73C820007C29B /* compreingressos-ios */ = {
			isa = PBXGroup;
			children = (
				252FD8401AB7417E0007C29B /* models */,
				252FD8411AB7417E0007C29B /* views */,
				252FD83F1AB7417E0007C29B /* controllers */,
				258B93D51AC054730007C584 /* requesters */,
				251FA1C61AC3386400C20391 /* res */,
				252FD81D1AB73C820007C29B /* AppDelegate.h */,
				252FD81E1AB73C820007C29B /* AppDelegate.m */,
				252FD8201AB73C820007C29B /* ViewController.h */,
				252FD8211AB73C820007C29B /* ViewController.m */,
				252FD8231AB73C820007C29B /* Main.storyboard */,
				252FD8261AB73C820007C29B /* Images.xcassets */,
				252FD8281AB73C820007C29B /* LaunchScreen.xib */,
				252FD8191AB73C820007C29B /* Supporting Files */,
				25BB6A711AC0746B00A927A1 /* QMConstants.h */,
				25BB6A721AC0746B00A927A1 /* QMConstants.m */,
			);
			path = "compreingressos-ios";
			sourceTree = "<group>";
		};
		252FD8191AB73C820007C29B /* Supporting Files */ = {
			isa = PBXGroup;
			children = (
				252FD81A1AB73C820007C29B /* Info.plist */,
				252FD81B1AB73C820007C29B /* main.m */,
				25BB6A5E1AC0725100A927A1 /* compreingressos-ios-Prefix.pch */,
			);
			name = "Supporting Files";
			sourceTree = "<group>";
		};
		252FD8321AB73C820007C29B /* compreingressos-iosTests */ = {
			isa = PBXGroup;
			children = (
				252FD8351AB73C820007C29B /* compreingressos_iosTests.m */,
				252FD8331AB73C820007C29B /* Supporting Files */,
			);
			path = "compreingressos-iosTests";
			sourceTree = "<group>";
		};
		252FD8331AB73C820007C29B /* Supporting Files */ = {
			isa = PBXGroup;
			children = (
				252FD8341AB73C820007C29B /* Info.plist */,
			);
			name = "Supporting Files";
			sourceTree = "<group>";
		};
		252FD83F1AB7417E0007C29B /* controllers */ = {
			isa = PBXGroup;
			children = (
				252FD8421AB7419E0007C29B /* QMHomeViewController.h */,
				252FD8431AB7419E0007C29B /* QMHomeViewController.m */,
				255C6BB41AB84BFD0097DC5F /* QMWebViewController.h */,
				255C6BB51AB84BFD0097DC5F /* QMWebViewController.m */,
				25BB6A7B1AC0A2D400A927A1 /* QMEspetaculosViewController.h */,
				25BB6A7C1AC0A2D400A927A1 /* QMEspetaculosViewController.m */,
				253477611ADBF05800307DE8 /* QMOrderHistoryViewController.h */,
				253477621ADBF05800307DE8 /* QMOrderHistoryViewController.m */,
			);
			path = controllers;
			sourceTree = "<group>";
		};
		252FD8401AB7417E0007C29B /* models */ = {
			isa = PBXGroup;
			children = (
				258B93D21AC053E60007C584 /* QMBanner.h */,
				258B93D31AC053E60007C584 /* QMBanner.m */,
				258B93C91AC053120007C584 /* QMEspetaculo.h */,
				258B93CA1AC053120007C584 /* QMEspetaculo.m */,
				258B93CF1AC0537D0007C584 /* QMVisor.h */,
				258B93D01AC0537D0007C584 /* QMVisor.m */,
				25BB6A781AC08F6400A927A1 /* QMGenre.h */,
				25BB6A791AC08F6400A927A1 /* QMGenre.m */,
				256509BE1AD5B6DD00D6DCA2 /* QMOrder.h */,
				256509BF1AD5B6DD00D6DCA2 /* QMOrder.m */,
				256509C11AD5B86100D6DCA2 /* QMTicket.h */,
				256509C21AD5B86100D6DCA2 /* QMTicket.m */,
			);
			path = models;
			sourceTree = "<group>";
		};
		252FD8411AB7417E0007C29B /* views */ = {
			isa = PBXGroup;
			children = (
				25BB6A6A1AC0741900A927A1 /* QMBannerView.h */,
				25BB6A6B1AC0741900A927A1 /* QMBannerView.m */,
				25BB6A6C1AC0741900A927A1 /* QMBannerView.xib */,
				25BB6A631AC0740500A927A1 /* QMCarouselView.h */,
				25BB6A641AC0740500A927A1 /* QMCarouselView.m */,
				25BB6A651AC0740500A927A1 /* QMCarouselView.xib */,
				25BB6A581AC0706F00A927A1 /* QMEspetaculoCell.h */,
				25BB6A591AC0706F00A927A1 /* QMEspetaculoCell.m */,
				25BB6A5F1AC073E800A927A1 /* QMEspetaculosGridHeaderView.h */,
				25BB6A601AC073E800A927A1 /* QMEspetaculosGridHeaderView.m */,
				252FD8461AB748C90007C29B /* QMGenreCell.h */,
				252FD8471AB748C90007C29B /* QMGenreCell.m */,
				25C17A0A1AD3026F00DD541F /* QMGenreView.h */,
				25C17A0B1AD3026F00DD541F /* QMGenreView.m */,
				25C17A0D1AD3028200DD541F /* QMGenreView.xib */,
				2588EA1C1ADC015700BC09D4 /* QMOrderHistoryCell.h */,
				2588EA1D1ADC015700BC09D4 /* QMOrderHistoryCell.m */,
			);
			path = views;
			sourceTree = "<group>";
		};
		253477571ADBED9B00307DE8 /* buttons */ = {
			isa = PBXGroup;
			children = (
				253477581ADBED9B00307DE8 /* order_history_icon.png */,
				253477591ADBED9B00307DE8 /* order_history_icon@2x.png */,
				2534775A1ADBED9B00307DE8 /* order_history_icon@3x.png */,
			);
			path = buttons;
			sourceTree = "<group>";
		};
		258B93D51AC054730007C584 /* requesters */ = {
			isa = PBXGroup;
			children = (
				258B93D81AC054730007C584 /* QMRequester.h */,
				258B93D91AC054730007C584 /* QMRequester.m */,
				258B93D61AC054730007C584 /* QMEspetaculosRequester.h */,
				258B93D71AC054730007C584 /* QMEspetaculosRequester.m */,
				258B93DA1AC054730007C584 /* QMVisoresRequester.h */,
				258B93DB1AC054730007C584 /* QMVisoresRequester.m */,
			);
			path = requesters;
			sourceTree = "<group>";
		};
		25C179EB1AD2EC4000DD541F /* generos */ = {
			isa = PBXGroup;
			children = (
				25C179EC1AD2EC4000DD541F /* classica.png */,
				25C179ED1AD2EC4000DD541F /* classica@2x.png */,
				25C179EE1AD2EC4000DD541F /* classica@3x.png */,
				25C179EF1AD2EC4000DD541F /* muito_mais.png */,
				25C179F01AD2EC4000DD541F /* muito_mais@2x.png */,
				25C179F11AD2EC4000DD541F /* muito_mais@3x.png */,
				25C179F21AD2EC4000DD541F /* perto_de_mim.png */,
				25C179F31AD2EC4000DD541F /* perto_de_mim@2x.png */,
				25C179F41AD2EC4000DD541F /* perto_de_mim@3x.png */,
				25C179F51AD2EC4000DD541F /* shows.png */,
				25C179F61AD2EC4000DD541F /* shows@2x.png */,
				25C179F71AD2EC4000DD541F /* shows@3x.png */,
				25C179F81AD2EC4000DD541F /* teatro.png */,
				25C179F91AD2EC4000DD541F /* teatro@2x.png */,
				25C179FA1AD2EC4000DD541F /* teatro@3x.png */,
			);
			path = generos;
			sourceTree = "<group>";
		};
		CDC8D68087B6BC8338626F97 /* Frameworks */ = {
			isa = PBXGroup;
			children = (
				255963E71AC1C8A100319BEB /* CoreLocation.framework */,
				0DA0E3411C6023DEE7F506BA /* libPods-compreingressos-ios.a */,
				ACD5388C91C8A883829E8F26 /* libPods-compreingressos-iosTests.a */,
			);
			name = Frameworks;
			sourceTree = "<group>";
		};
		D28BF9CFD11D76ADE9A08E78 /* Pods */ = {
			isa = PBXGroup;
			children = (
				8CA710655EC2488AA579D776 /* Pods-compreingressos-ios.debug.xcconfig */,
				B0C96115133657844BC17D71 /* Pods-compreingressos-ios.release.xcconfig */,
				95878FC6E5528535FC06A5AF /* Pods-compreingressos-iosTests.debug.xcconfig */,
				0FA94D18BE45DD585C66725A /* Pods-compreingressos-iosTests.release.xcconfig */,
			);
			name = Pods;
			sourceTree = "<group>";
		};
/* End PBXGroup section */

/* Begin PBXNativeTarget section */
		252FD8151AB73C820007C29B /* compreingressos-ios */ = {
			isa = PBXNativeTarget;
			buildConfigurationList = 252FD8391AB73C820007C29B /* Build configuration list for PBXNativeTarget "compreingressos-ios" */;
			buildPhases = (
				58502FA09311DF4B2E32B14A /* Check Pods Manifest.lock */,
				252FD8121AB73C820007C29B /* Sources */,
				252FD8131AB73C820007C29B /* Frameworks */,
				252FD8141AB73C820007C29B /* Resources */,
				9F67B17696F053EAE3461698 /* Copy Pods Resources */,
			);
			buildRules = (
			);
			dependencies = (
			);
			name = "compreingressos-ios";
			productName = "compreingressos-ios";
			productReference = 252FD8161AB73C820007C29B /* compreingressos-ios.app */;
			productType = "com.apple.product-type.application";
		};
		252FD82E1AB73C820007C29B /* compreingressos-iosTests */ = {
			isa = PBXNativeTarget;
			buildConfigurationList = 252FD83C1AB73C820007C29B /* Build configuration list for PBXNativeTarget "compreingressos-iosTests" */;
			buildPhases = (
				39716ACCB7E543B612511148 /* Check Pods Manifest.lock */,
				252FD82B1AB73C820007C29B /* Sources */,
				252FD82C1AB73C820007C29B /* Frameworks */,
				252FD82D1AB73C820007C29B /* Resources */,
				1E21DB2FCB2B37E629FD60FC /* Copy Pods Resources */,
			);
			buildRules = (
			);
			dependencies = (
				252FD8311AB73C820007C29B /* PBXTargetDependency */,
			);
			name = "compreingressos-iosTests";
			productName = "compreingressos-iosTests";
			productReference = 252FD82F1AB73C820007C29B /* compreingressos-iosTests.xctest */;
			productType = "com.apple.product-type.bundle.unit-test";
		};
/* End PBXNativeTarget section */

/* Begin PBXProject section */
		252FD80E1AB73C810007C29B /* Project object */ = {
			isa = PBXProject;
			attributes = {
				LastUpgradeCheck = 0620;
				ORGANIZATIONNAME = "QPRO Mobile";
				TargetAttributes = {
					252FD8151AB73C820007C29B = {
						CreatedOnToolsVersion = 6.2;
						DevelopmentTeam = 8R6A865UP5;
					};
					252FD82E1AB73C820007C29B = {
						CreatedOnToolsVersion = 6.2;
						TestTargetID = 252FD8151AB73C820007C29B;
					};
				};
			};
			buildConfigurationList = 252FD8111AB73C810007C29B /* Build configuration list for PBXProject "compreingressos-ios" */;
			compatibilityVersion = "Xcode 3.2";
			developmentRegion = English;
			hasScannedForEncodings = 0;
			knownRegions = (
				en,
				Base,
			);
			mainGroup = 252FD80D1AB73C810007C29B;
			productRefGroup = 252FD8171AB73C820007C29B /* Products */;
			projectDirPath = "";
			projectRoot = "";
			targets = (
				252FD8151AB73C820007C29B /* compreingressos-ios */,
				252FD82E1AB73C820007C29B /* compreingressos-iosTests */,
			);
		};
/* End PBXProject section */

/* Begin PBXResourcesBuildPhase section */
		252FD8141AB73C820007C29B /* Resources */ = {
			isa = PBXResourcesBuildPhase;
			buildActionMask = 2147483647;
			files = (
				251FA1E01AC3386400C20391 /* comedia_perversa.png in Resources */,
				251FA1E51AC3386400C20391 /* infantil.png in Resources */,
				25C17A091AD2EC4000DD541F /* teatro@3x.png in Resources */,
				25C179FB1AD2EC4000DD541F /* classica.png in Resources */,
				251FA1F61AC3476400C20391 /* background-azul.png in Resources */,
				2588EA241ADC0EED00BC09D4 /* ingresso_icon@3x.png in Resources */,
				25C17A071AD2EC4000DD541F /* teatro.png in Resources */,
				251FA1E21AC3386400C20391 /* concerto_sinfonico.png in Resources */,
				25C179FF1AD2EC4000DD541F /* muito_mais@2x.png in Resources */,
				2588EA221ADC0EED00BC09D4 /* ingresso_icon.png in Resources */,
				251FA1DC1AC3386400C20391 /* circo.png in Resources */,
				25C17A061AD2EC4000DD541F /* shows@3x.png in Resources */,
				2588EA231ADC0EED00BC09D4 /* ingresso_icon@2x.png in Resources */,
				251FA1E41AC3386400C20391 /* drama.png in Resources */,
				251FA1DF1AC3386400C20391 /* comedia_musical.png in Resources */,
				25C17A0E1AD3028200DD541F /* QMGenreView.xib in Resources */,
				25C17A021AD2EC4000DD541F /* perto_de_mim@2x.png in Resources */,
				251FA1DD1AC3386400C20391 /* comedia.png in Resources */,
				251FA1E31AC3386400C20391 /* danca.png in Resources */,
				251FA1F71AC3476400C20391 /* background-cinza.png in Resources */,
				251FA1EF1AC3386400C20391 /* teatro.png in Resources */,
				25C179FD1AD2EC4000DD541F /* classica@3x.png in Resources */,
				251FA1FD1AC3484C00C20391 /* ingressos@2x.png in Resources */,
				251FA1E11AC3386400C20391 /* comedia_romantica.png in Resources */,
				25EF7DD71AC37C7C0052986D /* background-red.png in Resources */,
				252FD8251AB73C820007C29B /* Main.storyboard in Resources */,
				25C17A001AD2EC4000DD541F /* muito_mais@3x.png in Resources */,
				251A4F9E1AC9C21100256A6B /* compreingressos_big_logo.png in Resources */,
				251FA1ED1AC3386400C20391 /* stand_up.png in Resources */,
				25BB6A6F1AC0741900A927A1 /* QMBannerView.xib in Resources */,
				251FA1EA1AC3386400C20391 /* perto_de_mim.png in Resources */,
				25C179FE1AD2EC4000DD541F /* muito_mais.png in Resources */,
				252FD82A1AB73C820007C29B /* LaunchScreen.xib in Resources */,
				2534775D1ADBED9B00307DE8 /* order_history_icon@3x.png in Resources */,
				25BB6A681AC0740500A927A1 /* QMCarouselView.xib in Resources */,
				252FD8271AB73C820007C29B /* Images.xcassets in Resources */,
				251FA1E71AC3386400C20391 /* musical.png in Resources */,
				25C17A031AD2EC4000DD541F /* perto_de_mim@3x.png in Resources */,
				251FA1E81AC3386400C20391 /* musical_infantil.png in Resources */,
				25C179FC1AD2EC4000DD541F /* classica@2x.png in Resources */,
				251FA1F31AC33E2600C20391 /* ingressos.png in Resources */,
				25C17A011AD2EC4000DD541F /* perto_de_mim.png in Resources */,
				251FA1E91AC3386400C20391 /* opera.png in Resources */,
				251FA1F11AC339B600C20391 /* romance.png in Resources */,
				2534775C1ADBED9B00307DE8 /* order_history_icon@2x.png in Resources */,
				251FA1DE1AC3386400C20391 /* comedia_dramatica.png in Resources */,
				25C17A041AD2EC4000DD541F /* shows.png in Resources */,
				251FA1EE1AC3386400C20391 /* suspense.png in Resources */,
				25C17A051AD2EC4000DD541F /* shows@2x.png in Resources */,
				251FA1EC1AC3386400C20391 /* shows.png in Resources */,
				251FA1E61AC3386400C20391 /* musica.png in Resources */,
				2534775B1ADBED9B00307DE8 /* order_history_icon.png in Resources */,
				25C17A081AD2EC4000DD541F /* teatro@2x.png in Resources */,
			);
			runOnlyForDeploymentPostprocessing = 0;
		};
		252FD82D1AB73C820007C29B /* Resources */ = {
			isa = PBXResourcesBuildPhase;
			buildActionMask = 2147483647;
			files = (
				25BB6A701AC0741900A927A1 /* QMBannerView.xib in Resources */,
				25BB6A691AC0740500A927A1 /* QMCarouselView.xib in Resources */,
			);
			runOnlyForDeploymentPostprocessing = 0;
		};
/* End PBXResourcesBuildPhase section */

/* Begin PBXShellScriptBuildPhase section */
		1E21DB2FCB2B37E629FD60FC /* Copy Pods Resources */ = {
			isa = PBXShellScriptBuildPhase;
			buildActionMask = 2147483647;
			files = (
			);
			inputPaths = (
			);
			name = "Copy Pods Resources";
			outputPaths = (
			);
			runOnlyForDeploymentPostprocessing = 0;
			shellPath = /bin/sh;
			shellScript = "\"${SRCROOT}/Pods/Target Support Files/Pods-compreingressos-iosTests/Pods-compreingressos-iosTests-resources.sh\"\n";
			showEnvVarsInLog = 0;
		};
		39716ACCB7E543B612511148 /* Check Pods Manifest.lock */ = {
			isa = PBXShellScriptBuildPhase;
			buildActionMask = 2147483647;
			files = (
			);
			inputPaths = (
			);
			name = "Check Pods Manifest.lock";
			outputPaths = (
			);
			runOnlyForDeploymentPostprocessing = 0;
			shellPath = /bin/sh;
			shellScript = "diff \"${PODS_ROOT}/../Podfile.lock\" \"${PODS_ROOT}/Manifest.lock\" > /dev/null\nif [[ $? != 0 ]] ; then\n    cat << EOM\nerror: The sandbox is not in sync with the Podfile.lock. Run 'pod install' or update your CocoaPods installation.\nEOM\n    exit 1\nfi\n";
			showEnvVarsInLog = 0;
		};
		58502FA09311DF4B2E32B14A /* Check Pods Manifest.lock */ = {
			isa = PBXShellScriptBuildPhase;
			buildActionMask = 2147483647;
			files = (
			);
			inputPaths = (
			);
			name = "Check Pods Manifest.lock";
			outputPaths = (
			);
			runOnlyForDeploymentPostprocessing = 0;
			shellPath = /bin/sh;
			shellScript = "diff \"${PODS_ROOT}/../Podfile.lock\" \"${PODS_ROOT}/Manifest.lock\" > /dev/null\nif [[ $? != 0 ]] ; then\n    cat << EOM\nerror: The sandbox is not in sync with the Podfile.lock. Run 'pod install' or update your CocoaPods installation.\nEOM\n    exit 1\nfi\n";
			showEnvVarsInLog = 0;
		};
		9F67B17696F053EAE3461698 /* Copy Pods Resources */ = {
			isa = PBXShellScriptBuildPhase;
			buildActionMask = 2147483647;
			files = (
			);
			inputPaths = (
			);
			name = "Copy Pods Resources";
			outputPaths = (
			);
			runOnlyForDeploymentPostprocessing = 0;
			shellPath = /bin/sh;
			shellScript = "\"${SRCROOT}/Pods/Target Support Files/Pods-compreingressos-ios/Pods-compreingressos-ios-resources.sh\"\n";
			showEnvVarsInLog = 0;
		};
/* End PBXShellScriptBuildPhase section */

/* Begin PBXSourcesBuildPhase section */
		252FD8121AB73C820007C29B /* Sources */ = {
			isa = PBXSourcesBuildPhase;
			buildActionMask = 2147483647;
			files = (
				25BB6A661AC0740500A927A1 /* QMCarouselView.m in Sources */,
				25BB6A731AC0746B00A927A1 /* QMConstants.m in Sources */,
				256509C01AD5B6DD00D6DCA2 /* QMOrder.m in Sources */,
				256509C31AD5B86100D6DCA2 /* QMTicket.m in Sources */,
				25BB6A611AC073E800A927A1 /* QMEspetaculosGridHeaderView.m in Sources */,
				252FD8221AB73C820007C29B /* ViewController.m in Sources */,
				255C6BB61AB84BFD0097DC5F /* QMWebViewController.m in Sources */,
				25BB6A5A1AC0706F00A927A1 /* QMEspetaculoCell.m in Sources */,
				258B93CD1AC053120007C584 /* QMEspetaculo.m in Sources */,
				253477631ADBF05800307DE8 /* QMOrderHistoryViewController.m in Sources */,
				25BB6A7D1AC0A2D400A927A1 /* QMEspetaculosViewController.m in Sources */,
				258B93DD1AC054730007C584 /* QMRequester.m in Sources */,
				252FD8481AB748C90007C29B /* QMGenreCell.m in Sources */,
				25BB6A6D1AC0741900A927A1 /* QMBannerView.m in Sources */,
				252FD81F1AB73C820007C29B /* AppDelegate.m in Sources */,
				258B93D11AC0537D0007C584 /* QMVisor.m in Sources */,
				252FD81C1AB73C820007C29B /* main.m in Sources */,
				258B93DE1AC054730007C584 /* QMVisoresRequester.m in Sources */,
				258B93DC1AC054730007C584 /* QMEspetaculosRequester.m in Sources */,
				2588EA1E1ADC015700BC09D4 /* QMOrderHistoryCell.m in Sources */,
				258B93D41AC053E60007C584 /* QMBanner.m in Sources */,
				252FD8441AB7419E0007C29B /* QMHomeViewController.m in Sources */,
				25C17A0C1AD3026F00DD541F /* QMGenreView.m in Sources */,
				25BB6A7A1AC08F6400A927A1 /* QMGenre.m in Sources */,
			);
			runOnlyForDeploymentPostprocessing = 0;
		};
		252FD82B1AB73C820007C29B /* Sources */ = {
			isa = PBXSourcesBuildPhase;
			buildActionMask = 2147483647;
			files = (
				25BB6A6E1AC0741900A927A1 /* QMBannerView.m in Sources */,
				25BB6A671AC0740500A927A1 /* QMCarouselView.m in Sources */,
				252FD8491AB748C90007C29B /* QMGenreCell.m in Sources */,
				25BB6A741AC0746B00A927A1 /* QMConstants.m in Sources */,
				252FD8361AB73C820007C29B /* compreingressos_iosTests.m in Sources */,
				252FD8451AB7419E0007C29B /* QMHomeViewController.m in Sources */,
				255C6BB71AB84BFD0097DC5F /* QMWebViewController.m in Sources */,
				25BB6A621AC073E800A927A1 /* QMEspetaculosGridHeaderView.m in Sources */,
			);
			runOnlyForDeploymentPostprocessing = 0;
		};
/* End PBXSourcesBuildPhase section */

/* Begin PBXTargetDependency section */
		252FD8311AB73C820007C29B /* PBXTargetDependency */ = {
			isa = PBXTargetDependency;
			target = 252FD8151AB73C820007C29B /* compreingressos-ios */;
			targetProxy = 252FD8301AB73C820007C29B /* PBXContainerItemProxy */;
		};
/* End PBXTargetDependency section */

/* Begin PBXVariantGroup section */
		252FD8231AB73C820007C29B /* Main.storyboard */ = {
			isa = PBXVariantGroup;
			children = (
				252FD8241AB73C820007C29B /* Base */,
			);
			name = Main.storyboard;
			sourceTree = "<group>";
		};
		252FD8281AB73C820007C29B /* LaunchScreen.xib */ = {
			isa = PBXVariantGroup;
			children = (
				252FD8291AB73C820007C29B /* Base */,
			);
			name = LaunchScreen.xib;
			sourceTree = "<group>";
		};
/* End PBXVariantGroup section */

/* Begin XCBuildConfiguration section */
		252FD8371AB73C820007C29B /* Debug */ = {
			isa = XCBuildConfiguration;
			buildSettings = {
				ALWAYS_SEARCH_USER_PATHS = NO;
				CLANG_CXX_LANGUAGE_STANDARD = "gnu++0x";
				CLANG_CXX_LIBRARY = "libc++";
				CLANG_ENABLE_MODULES = YES;
				CLANG_ENABLE_OBJC_ARC = YES;
				CLANG_WARN_BOOL_CONVERSION = YES;
				CLANG_WARN_CONSTANT_CONVERSION = YES;
				CLANG_WARN_DIRECT_OBJC_ISA_USAGE = YES_ERROR;
				CLANG_WARN_EMPTY_BODY = YES;
				CLANG_WARN_ENUM_CONVERSION = YES;
				CLANG_WARN_INT_CONVERSION = YES;
				CLANG_WARN_OBJC_ROOT_CLASS = YES_ERROR;
				CLANG_WARN_UNREACHABLE_CODE = YES;
				CLANG_WARN__DUPLICATE_METHOD_MATCH = YES;
				CODE_SIGN_IDENTITY = "iPhone Developer";
				"CODE_SIGN_IDENTITY[sdk=iphoneos*]" = "iPhone Developer";
				COPY_PHASE_STRIP = NO;
				ENABLE_STRICT_OBJC_MSGSEND = YES;
				GCC_C_LANGUAGE_STANDARD = gnu99;
				GCC_DYNAMIC_NO_PIC = NO;
				GCC_OPTIMIZATION_LEVEL = 0;
				GCC_PREPROCESSOR_DEFINITIONS = (
					"DEBUG=1",
					"$(inherited)",
				);
				GCC_SYMBOLS_PRIVATE_EXTERN = NO;
				GCC_WARN_64_TO_32_BIT_CONVERSION = YES;
				GCC_WARN_ABOUT_RETURN_TYPE = YES_ERROR;
				GCC_WARN_UNDECLARED_SELECTOR = YES;
				GCC_WARN_UNINITIALIZED_AUTOS = YES_AGGRESSIVE;
				GCC_WARN_UNUSED_FUNCTION = YES;
				GCC_WARN_UNUSED_VARIABLE = YES;
				IPHONEOS_DEPLOYMENT_TARGET = 8.2;
				MTL_ENABLE_DEBUG_INFO = YES;
				ONLY_ACTIVE_ARCH = YES;
				SDKROOT = iphoneos;
			};
			name = Debug;
		};
		252FD8381AB73C820007C29B /* Release */ = {
			isa = XCBuildConfiguration;
			buildSettings = {
				ALWAYS_SEARCH_USER_PATHS = NO;
				CLANG_CXX_LANGUAGE_STANDARD = "gnu++0x";
				CLANG_CXX_LIBRARY = "libc++";
				CLANG_ENABLE_MODULES = YES;
				CLANG_ENABLE_OBJC_ARC = YES;
				CLANG_WARN_BOOL_CONVERSION = YES;
				CLANG_WARN_CONSTANT_CONVERSION = YES;
				CLANG_WARN_DIRECT_OBJC_ISA_USAGE = YES_ERROR;
				CLANG_WARN_EMPTY_BODY = YES;
				CLANG_WARN_ENUM_CONVERSION = YES;
				CLANG_WARN_INT_CONVERSION = YES;
				CLANG_WARN_OBJC_ROOT_CLASS = YES_ERROR;
				CLANG_WARN_UNREACHABLE_CODE = YES;
				CLANG_WARN__DUPLICATE_METHOD_MATCH = YES;
				CODE_SIGN_IDENTITY = "iPhone Developer";
				"CODE_SIGN_IDENTITY[sdk=iphoneos*]" = "iPhone Developer";
				COPY_PHASE_STRIP = NO;
				ENABLE_NS_ASSERTIONS = NO;
				ENABLE_STRICT_OBJC_MSGSEND = YES;
				GCC_C_LANGUAGE_STANDARD = gnu99;
				GCC_WARN_64_TO_32_BIT_CONVERSION = YES;
				GCC_WARN_ABOUT_RETURN_TYPE = YES_ERROR;
				GCC_WARN_UNDECLARED_SELECTOR = YES;
				GCC_WARN_UNINITIALIZED_AUTOS = YES_AGGRESSIVE;
				GCC_WARN_UNUSED_FUNCTION = YES;
				GCC_WARN_UNUSED_VARIABLE = YES;
				IPHONEOS_DEPLOYMENT_TARGET = 8.2;
				MTL_ENABLE_DEBUG_INFO = NO;
				SDKROOT = iphoneos;
				VALIDATE_PRODUCT = YES;
			};
			name = Release;
		};
		252FD83A1AB73C820007C29B /* Debug */ = {
			isa = XCBuildConfiguration;
			baseConfigurationReference = 8CA710655EC2488AA579D776 /* Pods-compreingressos-ios.debug.xcconfig */;
			buildSettings = {
				ASSETCATALOG_COMPILER_APPICON_NAME = AppIcon;
				ASSETCATALOG_COMPILER_LAUNCHIMAGE_NAME = LaunchImage;
				CODE_SIGN_IDENTITY = "iPhone Developer";
				GCC_PRECOMPILE_PREFIX_HEADER = YES;
				GCC_PREFIX_HEADER = "compreingressos-ios/compreingressos-ios-Prefix.pch";
				INFOPLIST_FILE = "compreingressos-ios/Info.plist";
				IPHONEOS_DEPLOYMENT_TARGET = 7.0;
				LD_RUNPATH_SEARCH_PATHS = "$(inherited) @executable_path/Frameworks";
				PRODUCT_NAME = "$(TARGET_NAME)";
			};
			name = Debug;
		};
		252FD83B1AB73C820007C29B /* Release */ = {
			isa = XCBuildConfiguration;
			baseConfigurationReference = B0C96115133657844BC17D71 /* Pods-compreingressos-ios.release.xcconfig */;
			buildSettings = {
				ASSETCATALOG_COMPILER_APPICON_NAME = AppIcon;
				ASSETCATALOG_COMPILER_LAUNCHIMAGE_NAME = LaunchImage;
				CODE_SIGN_IDENTITY = "iPhone Developer";
				GCC_PRECOMPILE_PREFIX_HEADER = YES;
				GCC_PREFIX_HEADER = "compreingressos-ios/compreingressos-ios-Prefix.pch";
				INFOPLIST_FILE = "compreingressos-ios/Info.plist";
				IPHONEOS_DEPLOYMENT_TARGET = 7.0;
				LD_RUNPATH_SEARCH_PATHS = "$(inherited) @executable_path/Frameworks";
				PRODUCT_NAME = "$(TARGET_NAME)";
			};
			name = Release;
		};
		252FD83D1AB73C820007C29B /* Debug */ = {
			isa = XCBuildConfiguration;
			baseConfigurationReference = 95878FC6E5528535FC06A5AF /* Pods-compreingressos-iosTests.debug.xcconfig */;
			buildSettings = {
				BUNDLE_LOADER = "$(TEST_HOST)";
				FRAMEWORK_SEARCH_PATHS = (
					"$(SDKROOT)/Developer/Library/Frameworks",
					"$(inherited)",
				);
				GCC_PREPROCESSOR_DEFINITIONS = (
					"DEBUG=1",
					"$(inherited)",
				);
				INFOPLIST_FILE = "compreingressos-iosTests/Info.plist";
				LD_RUNPATH_SEARCH_PATHS = "$(inherited) @executable_path/Frameworks @loader_path/Frameworks";
				PRODUCT_NAME = "$(TARGET_NAME)";
				TEST_HOST = "$(BUILT_PRODUCTS_DIR)/compreingressos-ios.app/compreingressos-ios";
			};
			name = Debug;
		};
		252FD83E1AB73C820007C29B /* Release */ = {
			isa = XCBuildConfiguration;
			baseConfigurationReference = 0FA94D18BE45DD585C66725A /* Pods-compreingressos-iosTests.release.xcconfig */;
			buildSettings = {
				BUNDLE_LOADER = "$(TEST_HOST)";
				FRAMEWORK_SEARCH_PATHS = (
					"$(SDKROOT)/Developer/Library/Frameworks",
					"$(inherited)",
				);
				INFOPLIST_FILE = "compreingressos-iosTests/Info.plist";
				LD_RUNPATH_SEARCH_PATHS = "$(inherited) @executable_path/Frameworks @loader_path/Frameworks";
				PRODUCT_NAME = "$(TARGET_NAME)";
				TEST_HOST = "$(BUILT_PRODUCTS_DIR)/compreingressos-ios.app/compreingressos-ios";
			};
			name = Release;
		};
/* End XCBuildConfiguration section */

/* Begin XCConfigurationList section */
		252FD8111AB73C810007C29B /* Build configuration list for PBXProject "compreingressos-ios" */ = {
			isa = XCConfigurationList;
			buildConfigurations = (
				252FD8371AB73C820007C29B /* Debug */,
				252FD8381AB73C820007C29B /* Release */,
			);
			defaultConfigurationIsVisible = 0;
			defaultConfigurationName = Release;
		};
		252FD8391AB73C820007C29B /* Build configuration list for PBXNativeTarget "compreingressos-ios" */ = {
			isa = XCConfigurationList;
			buildConfigurations = (
				252FD83A1AB73C820007C29B /* Debug */,
				252FD83B1AB73C820007C29B /* Release */,
			);
			defaultConfigurationIsVisible = 0;
			defaultConfigurationName = Release;
		};
		252FD83C1AB73C820007C29B /* Build configuration list for PBXNativeTarget "compreingressos-iosTests" */ = {
			isa = XCConfigurationList;
			buildConfigurations = (
				252FD83D1AB73C820007C29B /* Debug */,
				252FD83E1AB73C820007C29B /* Release */,
			);
			defaultConfigurationIsVisible = 0;
			defaultConfigurationName = Release;
		};
/* End XCConfigurationList section */
	};
	rootObject = 252FD80E1AB73C810007C29B /* Project object */;
}
